
Microsoft Visual Studio Solution File, Format Version 12.00
# Visual Studio 15
VisualStudioVersion = 15.0.27004.2002
MinimumVisualStudioVersion = 10.0.40219.1
Project("{FAE04EC0-301F-11D3-BF4B-00C04F79EFBC}") = "CategorisingData2", "CategorisingData2\CategorisingData2.csproj", "{BB8A9FAA-B3B1-4BB5-A494-F1AD9E255CEF}"
EndProject
Global
	GlobalSection(SolutionConfigurationPlatforms) = preSolution
		Debug|Any CPU = Debug|Any CPU
		Release|Any CPU = Release|Any CPU
	EndGlobalSection
	GlobalSection(ProjectConfigurationPlatforms) = postSolution
		{BB8A9FAA-B3B1-4BB5-A494-F1AD9E255CEF}.Debug|Any CPU.ActiveCfg = Debug|Any CPU
		{BB8A9FAA-B3B1-4BB5-A494-F1AD9E255CEF}.Debug|Any CPU.Build.0 = Debug|Any CPU
		{BB8A9FAA-B3B1-4BB5-A494-F1AD9E255CEF}.Release|Any CPU.ActiveCfg = Release|Any CPU
		{BB8A9FAA-B3B1-4BB5-A494-F1AD9E255CEF}.Release|Any CPU.Build.0 = Release|Any CPU
	EndGlobalSection
	GlobalSection(SolutionProperties) = preSolution
		HideSolutionNode = FALSE
	EndGlobalSection
	GlobalSection(ExtensibilityGlobals) = postSolution
		SolutionGuid = {51A2E28A-FBE7-4C12-AE9E-2A83EB183980}
	EndGlobalSection
EndGlobal
